{
    "_readme": [
        "This file locks the dependencies of your project to a known state",
        "Read more about it at https://getcomposer.org/doc/01-basic-usage.md#installing-dependencies",
        "This file is @generated automatically"
    ],
    "content-hash": "0e74575c3c0ec60eca03edb3c8bec91d",
    "packages": [
        {
            "name": "fredbradley/wordpress-traits",
            "version": "1.0.1",
            "source": {
                "type": "git",
                "url": "https://github.com/fredbradley/WordPressTraits.git",
                "reference": "6010e43cbbf06335b5e3020230c06edc5725cbb2"
            },
            "dist": {
                "type": "zip",
                "url": "https://api.github.com/repos/fredbradley/WordPressTraits/zipball/6010e43cbbf06335b5e3020230c06edc5725cbb2",
                "reference": "6010e43cbbf06335b5e3020230c06edc5725cbb2",
                "shasum": ""
            },
            "type": "library",
            "autoload": {
                "psr-4": {
                    "FredBradley\\WordPressTraits\\": "src"
                }
            },
            "notification-url": "https://packagist.org/downloads/",
            "license": [
                "AGPL-3.0-or-later"
            ],
            "authors": [
                {
                    "name": "Fred Bradley",
                    "email": "hello@fredbradley.co.uk"
                }
            ],
            "time": "2019-06-20T08:36:03+00:00"
        }
    ],
    "packages-dev": [],
    "aliases": [],
    "minimum-stability": "stable",
    "stability-flags": [],
    "prefer-stable": false,
    "prefer-lowest": false,
    "platform": [],
    "platform-dev": []
}
